
Microsoft Visual Studio Solution File, Format Version 12.00
# Visual Studio 15
VisualStudioVersion = 15.0.28010.2026
MinimumVisualStudioVersion = 10.0.40219.1
Project("{FAE04EC0-301F-11D3-BF4B-00C04F79EFBC}") = "GlideCLI", "GlideCLI\GlideCLI.csproj", "{DE3F10E1-9F7D-48FB-A0EB-D2CD1D1E3270}"
EndProject
Global
	GlobalSection(SolutionConfigurationPlatforms) = preSolution
		Debug|Any CPU = Debug|Any CPU
		Release|Any CPU = Release|Any CPU
	EndGlobalSection
	GlobalSection(ProjectConfigurationPlatforms) = postSolution
		{DE3F10E1-9F7D-48FB-A0EB-D2CD1D1E3270}.Debug|Any CPU.ActiveCfg = Debug|Any CPU
		{DE3F10E1-9F7D-48FB-A0EB-D2CD1D1E3270}.Debug|Any CPU.Build.0 = Debug|Any CPU
		{DE3F10E1-9F7D-48FB-A0EB-D2CD1D1E3270}.Release|Any CPU.ActiveCfg = Release|Any CPU
		{DE3F10E1-9F7D-48FB-A0EB-D2CD1D1E3270}.Release|Any CPU.Build.0 = Release|Any CPU
	EndGlobalSection
	GlobalSection(SolutionProperties) = preSolution
		HideSolutionNode = FALSE
	EndGlobalSection
	GlobalSection(ExtensibilityGlobals) = postSolution
		SolutionGuid = {4CA3951D-499F-4972-BD42-C836004BEEC1}
	EndGlobalSection
EndGlobal
